Microsoft Visual Studio Solution File, Format Version 12.00
# Visual Studio Version 17
VisualStudioVersion = 17.5.2.0
MinimumVisualStudioVersion = 10.0.40219.1
Project("{FAE04EC0-301F-11D3-BF4B-00C04F79EFBC}") = "Solo Leveling", "Solo Leveling.csproj", "{56071961-D67C-4BFD-8F7E-6773031DDBAF}"
EndProject
Global
	GlobalSection(SolutionConfigurationPlatforms) = preSolution
		Debug|Any CPU = Debug|Any CPU
		Release|Any CPU = Release|Any CPU
	EndGlobalSection
	GlobalSection(ProjectConfigurationPlatforms) = postSolution
		{56071961-D67C-4BFD-8F7E-6773031DDBAF}.Debug|Any CPU.ActiveCfg = Debug|Any CPU
		{56071961-D67C-4BFD-8F7E-6773031DDBAF}.Debug|Any CPU.Build.0 = Debug|Any CPU
		{56071961-D67C-4BFD-8F7E-6773031DDBAF}.Release|Any CPU.ActiveCfg = Release|Any CPU
		{56071961-D67C-4BFD-8F7E-6773031DDBAF}.Release|Any CPU.Build.0 = Release|Any CPU
	EndGlobalSection
	GlobalSection(SolutionProperties) = preSolution
		HideSolutionNode = FALSE
	EndGlobalSection
	GlobalSection(ExtensibilityGlobals) = postSolution
		SolutionGuid = {EB37257C-3B67-4558-B272-63BAE2C3381F}
	EndGlobalSection
EndGlobal
