Microsoft Visual Studio Solution File, Format Version 12.00
# Visual Studio Version 17
VisualStudioVersion = 17.5.2.0
MinimumVisualStudioVersion = 10.0.40219.1
Project("{FAE04EC0-301F-11D3-BF4B-00C04F79EFBC}") = "GestionBiblioteca", "GestionBiblioteca.csproj", "{D79F3586-C0DD-CF65-AA0A-BF1868EDDE36}"
EndProject
Global
	GlobalSection(SolutionConfigurationPlatforms) = preSolution
		Debug|Any CPU = Debug|Any CPU
		Release|Any CPU = Release|Any CPU
	EndGlobalSection
	GlobalSection(ProjectConfigurationPlatforms) = postSolution
		{D79F3586-C0DD-CF65-AA0A-BF1868EDDE36}.Debug|Any CPU.ActiveCfg = Debug|Any CPU
		{D79F3586-C0DD-CF65-AA0A-BF1868EDDE36}.Debug|Any CPU.Build.0 = Debug|Any CPU
		{D79F3586-C0DD-CF65-AA0A-BF1868EDDE36}.Release|Any CPU.ActiveCfg = Release|Any CPU
		{D79F3586-C0DD-CF65-AA0A-BF1868EDDE36}.Release|Any CPU.Build.0 = Release|Any CPU
	EndGlobalSection
	GlobalSection(SolutionProperties) = preSolution
		HideSolutionNode = FALSE
	EndGlobalSection
	GlobalSection(ExtensibilityGlobals) = postSolution
		SolutionGuid = {8C1AC9E8-C647-411E-B48F-2809D3705BB7}
	EndGlobalSection
EndGlobal
